
Microsoft Visual Studio Solution File, Format Version 12.00
# Visual Studio Version 17
VisualStudioVersion = 17.10.35013.160
MinimumVisualStudioVersion = 10.0.40219.1
Project("{FAE04EC0-301F-11D3-BF4B-00C04F79EFBC}") = "LedgerAPI", "LedgerAPI\LedgerAPI.csproj", "{40B68922-D821-4521-AFF3-1E32FEFE99EF}"
EndProject
Global
	GlobalSection(SolutionConfigurationPlatforms) = preSolution
		Debug|Any CPU = Debug|Any CPU
		Release|Any CPU = Release|Any CPU
	EndGlobalSection
	GlobalSection(ProjectConfigurationPlatforms) = postSolution
		{40B68922-D821-4521-AFF3-1E32FEFE99EF}.Debug|Any CPU.ActiveCfg = Debug|Any CPU
		{40B68922-D821-4521-AFF3-1E32FEFE99EF}.Debug|Any CPU.Build.0 = Debug|Any CPU
		{40B68922-D821-4521-AFF3-1E32FEFE99EF}.Release|Any CPU.ActiveCfg = Release|Any CPU
		{40B68922-D821-4521-AFF3-1E32FEFE99EF}.Release|Any CPU.Build.0 = Release|Any CPU
	EndGlobalSection
	GlobalSection(SolutionProperties) = preSolution
		HideSolutionNode = FALSE
	EndGlobalSection
	GlobalSection(ExtensibilityGlobals) = postSolution
		SolutionGuid = {C0B5C3F7-5B7C-448D-B574-506353950564}
	EndGlobalSection
EndGlobal
